{
  "version": 1,
  "dependencies": {
    "net10.0": {
      "Google.Protobuf": {
        "type": "Direct",
        "requested": "[3.36.0, )",
        "resolved": "3.36.0",
        "contentHash": "wDPg8sKlmA8we1bqnC9DYKwLog4PNJ4GYTWV9FkzlGvfs3kNCSt2x0Qe31SBOeBPS2JGEZ/lNfil/Bkwx18Ufg=="
      },
      "Grpc.Net.ClientFactory": {
        "type": "Direct",
        "requested": "[2.83.0, )",
        "resolved": "2.83.0",
        "contentHash": "j07orG5YnET3n5+TnczHCQsyWL3a4n/lJlIS88B3Zffylpp0RkcPzLv4ILAwKmOWOBvbBHiytPzAwJ8p7JomEQ==",
        "dependencies": {
          "Grpc.Net.Client": "2.83.0"
        }
      },
      "Grpc.Tools": {
        "type": "Direct",
        "requested": "[2.83.0, )",
        "resolved": "2.83.0",
        "contentHash": "vK2Go/83W0v2Nn7tTP9fGrX4IjmOa93s3M0SZeFimU1vIIr2wL9yNJlIyK21y85SGm3++JncB8IF751cjoLHuQ=="
      },
      "Temporalio": {
        "type": "Direct",
        "requested": "[1.18.0, )",
        "resolved": "1.18.0",
        "contentHash": "GycxFuB7lvKh4tzJjrYHbiQ7eu8/MYc0UFy5ojTQuatoXXeJkSCIkpD3edCfccTyQ/feMeFEbemonk3BI+YTxQ==",
        "dependencies": {
          "Google.Protobuf": "3.26.1",
          "NexusRpc": "0.4.0"
        }
      },
      "Temporalio.Extensions.Hosting": {
        "type": "Direct",
        "requested": "[1.18.0, )",
        "resolved": "1.18.0",
        "contentHash": "ZRwcRqVZiY71VSsMJtp59ZyNqgy6g6x//YvnH74DWowYKOKIJF5t0zo7ezO5kG675PLWGpvBolZqep/G4sbs9g==",
        "dependencies": {
          "Temporalio": "1.18.0"
        }
      },
      "Tomlyn.Extensions.Configuration": {
        "type": "Direct",
        "requested": "[2.0.0, )",
        "resolved": "2.0.0",
        "contentHash": "j2tkaXy3yfsMUd3fwg5qEKTwmwUsxcI5NSoBGGgOvrEC6M72FJnta0yuah9M72xj1wNT3scI0oUQAIkDWXeSsQ==",
        "dependencies": {
          "Tomlyn": "2.3.0"
        }
      },
      "FSharp.Core": {
        "type": "Transitive",
        "resolved": "10.1.400",
        "contentHash": "H9wlZ/tWgNp+Q4WQ5aUSi3XOBXrL6z+UkR0PNeyDFyoZR3c3PbtA21B9FqlthrhEwQ6f5AtQV0JLhBBDqjjscw=="
      },
      "Grpc.Core.Api": {
        "type": "Transitive",
        "resolved": "2.83.0",
        "contentHash": "xU8BT2bCw4Ct+/qIFJhhjkDEilKUbBOfp4US7l3Xa3hnlkN9l2LgISCbOw4PFYpW5jJFcK7FUAyWOFIQ94Hiqg=="
      },
      "Grpc.Net.Client": {
        "type": "Transitive",
        "resolved": "2.83.0",
        "contentHash": "dHYtx7hW4muttsCrWNG4/Ysb1iAIhNPEq28eo7vF166CdXn/RXOr3SGvSreIGIjvmdrADrBNJ2cUeJBto/T0XA==",
        "dependencies": {
          "Grpc.Net.Common": "2.83.0"
        }
      },
      "Grpc.Net.Common": {
        "type": "Transitive",
        "resolved": "2.83.0",
        "contentHash": "9w52xxORdIGu4Mm8lff3psMIlarenu+7TC4uIfiiW9AyaHZ6iPE/18gIkG1DD9byGDuhjuhnN9hiviBUAmCuZw==",
        "dependencies": {
          "Grpc.Core.Api": "2.83.0"
        }
      },
      "NexusRpc": {
        "type": "Transitive",
        "resolved": "0.4.0",
        "contentHash": "2cdRtmwT/vskWqJvojODvR7CpRhLWAnCeVT5Z8sPdRDX8P/Ywpw48T2lqgqhxM8JROfoflHzhSiXo4h1ln3/MQ=="
      },
      "Tomlyn": {
        "type": "Transitive",
        "resolved": "2.3.0",
        "contentHash": "kA3P/rsBD4HUio0Q67GUgYuWdfoV273HhQJmIRfJymKiZKEi1+xgjXTRW0OtcdEJqL4vTzDvKxbOMYR4tjBCPw=="
      },
      "expose.automation": {
        "type": "Project",
        "dependencies": {
          "Google.Protobuf": "[3.36.0, )",
          "Temporalio": "[1.18.0, )"
        }
      },
      "expose.fsharp": {
        "type": "Project",
        "dependencies": {
          "FSharp.Core": "[10.1.400, )"
        }
      }
    }
  }
}
